
Microsoft Visual Studio Solution File, Format Version 12.00
# Visual Studio Version 16
VisualStudioVersion = 16.0.32228.343
MinimumVisualStudioVersion = 10.0.40219.1
Project("{FAE04EC0-301F-11D3-BF4B-00C04F79EFBC}") = "BTL_HuongSuKien_v2", "BTL_HuongSuKien_v2\BTL_HuongSuKien_v2.csproj", "{7CE97A14-4BD3-4393-8C87-211B59B55120}"
EndProject
Global
	GlobalSection(SolutionConfigurationPlatforms) = preSolution
		Debug|Any CPU = Debug|Any CPU
		Release|Any CPU = Release|Any CPU
	EndGlobalSection
	GlobalSection(ProjectConfigurationPlatforms) = postSolution
		{7CE97A14-4BD3-4393-8C87-211B59B55120}.Debug|Any CPU.ActiveCfg = Debug|Any CPU
		{7CE97A14-4BD3-4393-8C87-211B59B55120}.Debug|Any CPU.Build.0 = Debug|Any CPU
		{7CE97A14-4BD3-4393-8C87-211B59B55120}.Release|Any CPU.ActiveCfg = Release|Any CPU
		{7CE97A14-4BD3-4393-8C87-211B59B55120}.Release|Any CPU.Build.0 = Release|Any CPU
	EndGlobalSection
	GlobalSection(SolutionProperties) = preSolution
		HideSolutionNode = FALSE
	EndGlobalSection
	GlobalSection(ExtensibilityGlobals) = postSolution
		SolutionGuid = {B2DCD3AD-A1B8-4D4B-8D4D-62431AE0DE99}
	EndGlobalSection
EndGlobal
